
Microsoft Visual Studio Solution File, Format Version 12.00
# Visual Studio 15
VisualStudioVersion = 15.0.28307.168
MinimumVisualStudioVersion = 10.0.40219.1
Project("{FAE04EC0-301F-11D3-BF4B-00C04F79EFBC}") = "GitHubTest", "GitHubTest\GitHubTest.csproj", "{5B052A3D-E684-4EDB-8FFD-64C538EAD47F}"
EndProject
Global
	GlobalSection(SolutionConfigurationPlatforms) = preSolution
		Debug|Any CPU = Debug|Any CPU
		Release|Any CPU = Release|Any CPU
	EndGlobalSection
	GlobalSection(ProjectConfigurationPlatforms) = postSolution
		{5B052A3D-E684-4EDB-8FFD-64C538EAD47F}.Debug|Any CPU.ActiveCfg = Debug|Any CPU
		{5B052A3D-E684-4EDB-8FFD-64C538EAD47F}.Debug|Any CPU.Build.0 = Debug|Any CPU
		{5B052A3D-E684-4EDB-8FFD-64C538EAD47F}.Release|Any CPU.ActiveCfg = Release|Any CPU
		{5B052A3D-E684-4EDB-8FFD-64C538EAD47F}.Release|Any CPU.Build.0 = Release|Any CPU
	EndGlobalSection
	GlobalSection(SolutionProperties) = preSolution
		HideSolutionNode = FALSE
	EndGlobalSection
	GlobalSection(ExtensibilityGlobals) = postSolution
		SolutionGuid = {68870778-F56A-433D-99FF-877E9D670080}
	EndGlobalSection
EndGlobal
